PODS:
  - SDWebImage (5.19.0):
    - SDWebImage/Core (= 5.19.0)
  - SDWebImage/Core (5.19.0)

DEPENDENCIES:
  - SDWebImage

SPEC REPOS:
  trunk:
    - SDWebImage

SPEC CHECKSUMS:
  SDWebImage: 981fd7e860af070920f249fd092420006014c3eb

PODFILE CHECKSUM: b1c92716583fe38d034739c4cc7b5540ebc34d1e

COCOAPODS: 1.10.0
